{
  "name": "src",
  "lockfileVersion": 3,
  "requires": true,
  "packages": {
    "": {
      "dependencies": {
        "@tauri-apps/plugin-dialog": "^2.0.0"
      }
    },
    "node_modules/@tauri-apps/api": {
      "version": "2.0.2",
      "resolved": "https://registry.npmjs.org/@tauri-apps/api/-/api-2.0.2.tgz",
      "integrity": "sha512-3wSwmG+1kr6WrgAFKK5ijkNFPp8TT3FLj3YHUb5EwMO+3FxX4uWlfSWkeeBy+Kc1RsKzugtYLuuya+98Flj+3w==",
      "license": "Apache-2.0 OR MIT",
      "funding": {
        "type": "opencollective",
        "url": "https://opencollective.com/tauri"
      }
    },
    "node_modules/@tauri-apps/plugin-dialog": {
      "version": "2.0.0",
      "resolved": "https://registry.npmjs.org/@tauri-apps/plugin-dialog/-/plugin-dialog-2.0.0.tgz",
      "integrity": "sha512-ApNkejXP2jpPBSifznPPcHTXxu9/YaRW+eJ+8+nYwqp0lLUtebFHG4QhxitM43wwReHE81WAV1DQ/b+2VBftOA==",
      "license": "MIT OR Apache-2.0",
      "dependencies": {
        "@tauri-apps/api": "^2.0.0"
      }
    }
  }
}
